// !$*UTF8*$!
{
	archiveVersion = 1;
	classes = {
	};
	objectVersion = 56;
	objects = {

/* Begin PBXBuildFile section */
		B037316A2B7205AA009C80AE /* CatsVsDogsClipsApp.swift in Sources */ = {isa = PBXBuildFile; fileRef = B03731692B7205AA009C80AE /* CatsVsDogsClipsApp.swift */; };
		B037316C2B7205AA009C80AE /* ContentView.swift in Sources */ = {isa = PBXBuildFile; fileRef = B037316B2B7205AA009C80AE /* ContentView.swift */; };
		B037316E2B7205AB009C80AE /* Assets.xcassets in Resources */ = {isa = PBXBuildFile; fileRef = B037316D2B7205AB009C80AE /* Assets.xcassets */; };
		B03731712B7205AB009C80AE /* Preview Assets.xcassets in Resources */ = {isa = PBXBuildFile; fileRef = B03731702B7205AB009C80AE /* Preview Assets.xcassets */; };
		B03731792B7207D1009C80AE /* QueryTag.swift in Sources */ = {isa = PBXBuildFile; fileRef = B03731782B7207D1009C80AE /* QueryTag.swift */; };
		B037317B2B7209E6009C80AE /* VideoManager.swift in Sources */ = {isa = PBXBuildFile; fileRef = B037317A2B7209E6009C80AE /* VideoManager.swift */; };
		B037317E2B720D5A009C80AE /* VideoCard.swift in Sources */ = {isa = PBXBuildFile; fileRef = B037317D2B720D5A009C80AE /* VideoCard.swift */; };
		B03731802B7218B6009C80AE /* videoData.json in Resources */ = {isa = PBXBuildFile; fileRef = B037317F2B7218B6009C80AE /* videoData.json */; };
		B03731822B7218F5009C80AE /* ModelData.swift in Sources */ = {isa = PBXBuildFile; fileRef = B03731812B7218F5009C80AE /* ModelData.swift */; };
		B03731842B721C2E009C80AE /* VideoView.swift in Sources */ = {isa = PBXBuildFile; fileRef = B03731832B721C2E009C80AE /* VideoView.swift */; };
/* End PBXBuildFile section */

/* Begin PBXFileReference section */
		B03731662B7205AA009C80AE /* CatsVsDogsClips.app */ = {isa = PBXFileReference; explicitFileType = wrapper.application; includeInIndex = 0; path = CatsVsDogsClips.app; sourceTree = BUILT_PRODUCTS_DIR; };
		B03731692B7205AA009C80AE /* CatsVsDogsClipsApp.swift */ = {isa = PBXFileReference; lastKnownFileType = sourcecode.swift; path = CatsVsDogsClipsApp.swift; sourceTree = "<group>"; };
		B037316B2B7205AA009C80AE /* ContentView.swift */ = {isa = PBXFileReference; lastKnownFileType = sourcecode.swift; path = ContentView.swift; sourceTree = "<group>"; };
		B037316D2B7205AB009C80AE /* Assets.xcassets */ = {isa = PBXFileReference; lastKnownFileType = folder.assetcatalog; path = Assets.xcassets; sourceTree = "<group>"; };
		B03731702B7205AB009C80AE /* Preview Assets.xcassets */ = {isa = PBXFileReference; lastKnownFileType = folder.assetcatalog; path = "Preview Assets.xcassets"; sourceTree = "<group>"; };
		B03731782B7207D1009C80AE /* QueryTag.swift */ = {isa = PBXFileReference; lastKnownFileType = sourcecode.swift; path = QueryTag.swift; sourceTree = "<group>"; };
		B037317A2B7209E6009C80AE /* VideoManager.swift */ = {isa = PBXFileReference; lastKnownFileType = sourcecode.swift; path = VideoManager.swift; sourceTree = "<group>"; };
		B037317D2B720D5A009C80AE /* VideoCard.swift */ = {isa = PBXFileReference; lastKnownFileType = sourcecode.swift; path = VideoCard.swift; sourceTree = "<group>"; };
		B037317F2B7218B6009C80AE /* videoData.json */ = {isa = PBXFileReference; fileEncoding = 4; lastKnownFileType = text.json; path = videoData.json; sourceTree = "<group>"; };
		B03731812B7218F5009C80AE /* ModelData.swift */ = {isa = PBXFileReference; lastKnownFileType = sourcecode.swift; path = ModelData.swift; sourceTree = "<group>"; };
		B03731832B721C2E009C80AE /* VideoView.swift */ = {isa = PBXFileReference; lastKnownFileType = sourcecode.swift; path = VideoView.swift; sourceTree = "<group>"; };
/* End PBXFileReference section */

/* Begin PBXFrameworksBuildPhase section */
		B03731632B7205AA009C80AE /* Frameworks */ = {
			isa = PBXFrameworksBuildPhase;
			buildActionMask = 2147483647;
			files = (
			);
			runOnlyForDeploymentPostprocessing = 0;
		};
/* End PBXFrameworksBuildPhase section */

/* Begin PBXGroup section */
		B037315D2B7205AA009C80AE = {
			isa = PBXGroup;
			children = (
				B03731682B7205AA009C80AE /* CatsVsDogsClips */,
				B03731672B7205AA009C80AE /* Products */,
			);
			sourceTree = "<group>";
		};
		B03731672B7205AA009C80AE /* Products */ = {
			isa = PBXGroup;
			children = (
				B03731662B7205AA009C80AE /* CatsVsDogsClips.app */,
			);
			name = Products;
			sourceTree = "<group>";
		};
		B03731682B7205AA009C80AE /* CatsVsDogsClips */ = {
			isa = PBXGroup;
			children = (
				B03731692B7205AA009C80AE /* CatsVsDogsClipsApp.swift */,
				B037317A2B7209E6009C80AE /* VideoManager.swift */,
				B037317C2B720BD3009C80AE /* Views */,
				B03731772B7207B7009C80AE /* Components */,
				B037316D2B7205AB009C80AE /* Assets.xcassets */,
				B037316F2B7205AB009C80AE /* Preview Content */,
			);
			path = CatsVsDogsClips;
			sourceTree = "<group>";
		};
		B037316F2B7205AB009C80AE /* Preview Content */ = {
			isa = PBXGroup;
			children = (
				B037317F2B7218B6009C80AE /* videoData.json */,
				B03731702B7205AB009C80AE /* Preview Assets.xcassets */,
				B03731812B7218F5009C80AE /* ModelData.swift */,
			);
			path = "Preview Content";
			sourceTree = "<group>";
		};
		B03731772B7207B7009C80AE /* Components */ = {
			isa = PBXGroup;
			children = (
				B03731782B7207D1009C80AE /* QueryTag.swift */,
				B037317D2B720D5A009C80AE /* VideoCard.swift */,
			);
			path = Components;
			sourceTree = "<group>";
		};
		B037317C2B720BD3009C80AE /* Views */ = {
			isa = PBXGroup;
			children = (
				B037316B2B7205AA009C80AE /* ContentView.swift */,
				B03731832B721C2E009C80AE /* VideoView.swift */,
			);
			path = Views;
			sourceTree = "<group>";
		};
/* End PBXGroup section */

/* Begin PBXNativeTarget section */
		B03731652B7205AA009C80AE /* CatsVsDogsClips */ = {
			isa = PBXNativeTarget;
			buildConfigurationList = B03731742B7205AB009C80AE /* Build configuration list for PBXNativeTarget "CatsVsDogsClips" */;
			buildPhases = (
				B03731622B7205AA009C80AE /* Sources */,
				B03731632B7205AA009C80AE /* Frameworks */,
				B03731642B7205AA009C80AE /* Resources */,
			);
			buildRules = (
			);
			dependencies = (
			);
			name = CatsVsDogsClips;
			productName = CatsVsDogsClips;
			productReference = B03731662B7205AA009C80AE /* CatsVsDogsClips.app */;
			productType = "com.apple.product-type.application";
		};
/* End PBXNativeTarget section */

/* Begin PBXProject section */
		B037315E2B7205AA009C80AE /* Project object */ = {
			isa = PBXProject;
			attributes = {
				BuildIndependentTargetsInParallel = 1;
				LastSwiftUpdateCheck = 1500;
				LastUpgradeCheck = 1500;
				TargetAttributes = {
					B03731652B7205AA009C80AE = {
						CreatedOnToolsVersion = 15.0;
					};
				};
			};
			buildConfigurationList = B03731612B7205AA009C80AE /* Build configuration list for PBXProject "CatsVsDogsClips" */;
			compatibilityVersion = "Xcode 14.0";
			developmentRegion = en;
			hasScannedForEncodings = 0;
			knownRegions = (
				en,
				Base,
			);
			mainGroup = B037315D2B7205AA009C80AE;
			productRefGroup = B03731672B7205AA009C80AE /* Products */;
			projectDirPath = "";
			projectRoot = "";
			targets = (
				B03731652B7205AA009C80AE /* CatsVsDogsClips */,
			);
		};
/* End PBXProject section */

/* Begin PBXResourcesBuildPhase section */
		B03731642B7205AA009C80AE /* Resources */ = {
			isa = PBXResourcesBuildPhase;
			buildActionMask = 2147483647;
			files = (
				B03731712B7205AB009C80AE /* Preview Assets.xcassets in Resources */,
				B037316E2B7205AB009C80AE /* Assets.xcassets in Resources */,
				B03731802B7218B6009C80AE /* videoData.json in Resources */,
			);
			runOnlyForDeploymentPostprocessing = 0;
		};
/* End PBXResourcesBuildPhase section */

/* Begin PBXSourcesBuildPhase section */
		B03731622B7205AA009C80AE /* Sources */ = {
			isa = PBXSourcesBuildPhase;
			buildActionMask = 2147483647;
			files = (
				B037316C2B7205AA009C80AE /* ContentView.swift in Sources */,
				B03731842B721C2E009C80AE /* VideoView.swift in Sources */,
				B037317E2B720D5A009C80AE /* VideoCard.swift in Sources */,
				B03731792B7207D1009C80AE /* QueryTag.swift in Sources */,
				B037316A2B7205AA009C80AE /* CatsVsDogsClipsApp.swift in Sources */,
				B037317B2B7209E6009C80AE /* VideoManager.swift in Sources */,
				B03731822B7218F5009C80AE /* ModelData.swift in Sources */,
			);
			runOnlyForDeploymentPostprocessing = 0;
		};
/* End PBXSourcesBuildPhase section */

/* Begin XCBuildConfiguration section */
		B03731722B7205AB009C80AE /* Debug */ = {
			isa = XCBuildConfiguration;
			buildSettings = {
				ALWAYS_SEARCH_USER_PATHS = NO;
				ASSETCATALOG_COMPILER_GENERATE_SWIFT_ASSET_SYMBOL_EXTENSIONS = YES;
				CLANG_ANALYZER_NONNULL = YES;
				CLANG_ANALYZER_NUMBER_OBJECT_CONVERSION = YES_AGGRESSIVE;
				CLANG_CXX_LANGUAGE_STANDARD = "gnu++20";
				CLANG_ENABLE_MODULES = YES;
				CLANG_ENABLE_OBJC_ARC = YES;
				CLANG_ENABLE_OBJC_WEAK = YES;
				CLANG_WARN_BLOCK_CAPTURE_AUTORELEASING = YES;
				CLANG_WARN_BOOL_CONVERSION = YES;
				CLANG_WARN_COMMA = YES;
				CLANG_WARN_CONSTANT_CONVERSION = YES;
				CLANG_WARN_DEPRECATED_OBJC_IMPLEMENTATIONS = YES;
				CLANG_WARN_DIRECT_OBJC_ISA_USAGE = YES_ERROR;
				CLANG_WARN_DOCUMENTATION_COMMENTS = YES;
				CLANG_WARN_EMPTY_BODY = YES;
				CLANG_WARN_ENUM_CONVERSION = YES;
				CLANG_WARN_INFINITE_RECURSION = YES;
				CLANG_WARN_INT_CONVERSION = YES;
				CLANG_WARN_NON_LITERAL_NULL_CONVERSION = YES;
				CLANG_WARN_OBJC_IMPLICIT_RETAIN_SELF = YES;
				CLANG_WARN_OBJC_LITERAL_CONVERSION = YES;
				CLANG_WARN_OBJC_ROOT_CLASS = YES_ERROR;
				CLANG_WARN_QUOTED_INCLUDE_IN_FRAMEWORK_HEADER = YES;
				CLANG_WARN_RANGE_LOOP_ANALYSIS = YES;
				CLANG_WARN_STRICT_PROTOTYPES = YES;
				CLANG_WARN_SUSPICIOUS_MOVE = YES;
				CLANG_WARN_UNGUARDED_AVAILABILITY = YES_AGGRESSIVE;
				CLANG_WARN_UNREACHABLE_CODE = YES;
				CLANG_WARN__DUPLICATE_METHOD_MATCH = YES;
				COPY_PHASE_STRIP = NO;
				DEBUG_INFORMATION_FORMAT = dwarf;
				ENABLE_STRICT_OBJC_MSGSEND = YES;
				ENABLE_TESTABILITY = YES;
				ENABLE_USER_SCRIPT_SANDBOXING = YES;
				GCC_C_LANGUAGE_STANDARD = gnu17;
				GCC_DYNAMIC_NO_PIC = NO;
				GCC_NO_COMMON_BLOCKS = YES;
				GCC_OPTIMIZATION_LEVEL = 0;
				GCC_PREPROCESSOR_DEFINITIONS = (
					"DEBUG=1",
					"$(inherited)",
				);
				GCC_WARN_64_TO_32_BIT_CONVERSION = YES;
				GCC_WARN_ABOUT_RETURN_TYPE = YES_ERROR;
				GCC_WARN_UNDECLARED_SELECTOR = YES;
				GCC_WARN_UNINITIALIZED_AUTOS = YES_AGGRESSIVE;
				GCC_WARN_UNUSED_FUNCTION = YES;
				GCC_WARN_UNUSED_VARIABLE = YES;
				IPHONEOS_DEPLOYMENT_TARGET = 17.0;
				LOCALIZATION_PREFERS_STRING_CATALOGS = YES;
				MTL_ENABLE_DEBUG_INFO = INCLUDE_SOURCE;
				MTL_FAST_MATH = YES;
				ONLY_ACTIVE_ARCH = YES;
				SDKROOT = iphoneos;
				SWIFT_ACTIVE_COMPILATION_CONDITIONS = "DEBUG $(inherited)";
				SWIFT_OPTIMIZATION_LEVEL = "-Onone";
			};
			name = Debug;
		};
		B03731732B7205AB009C80AE /* Release */ = {
			isa = XCBuildConfiguration;
			buildSettings = {
				ALWAYS_SEARCH_USER_PATHS = NO;
				ASSETCATALOG_COMPILER_GENERATE_SWIFT_ASSET_SYMBOL_EXTENSIONS = YES;
				CLANG_ANALYZER_NONNULL = YES;
				CLANG_ANALYZER_NUMBER_OBJECT_CONVERSION = YES_AGGRESSIVE;
				CLANG_CXX_LANGUAGE_STANDARD = "gnu++20";
				CLANG_ENABLE_MODULES = YES;
				CLANG_ENABLE_OBJC_ARC = YES;
				CLANG_ENABLE_OBJC_WEAK = YES;
				CLANG_WARN_BLOCK_CAPTURE_AUTORELEASING = YES;
				CLANG_WARN_BOOL_CONVERSION = YES;
				CLANG_WARN_COMMA = YES;
				CLANG_WARN_CONSTANT_CONVERSION = YES;
				CLANG_WARN_DEPRECATED_OBJC_IMPLEMENTATIONS = YES;
				CLANG_WARN_DIRECT_OBJC_ISA_USAGE = YES_ERROR;
				CLANG_WARN_DOCUMENTATION_COMMENTS = YES;
				CLANG_WARN_EMPTY_BODY = YES;
				CLANG_WARN_ENUM_CONVERSION = YES;
				CLANG_WARN_INFINITE_RECURSION = YES;
				CLANG_WARN_INT_CONVERSION = YES;
				CLANG_WARN_NON_LITERAL_NULL_CONVERSION = YES;
				CLANG_WARN_OBJC_IMPLICIT_RETAIN_SELF = YES;
				CLANG_WARN_OBJC_LITERAL_CONVERSION = YES;
				CLANG_WARN_OBJC_ROOT_CLASS = YES_ERROR;
				CLANG_WARN_QUOTED_INCLUDE_IN_FRAMEWORK_HEADER = YES;
				CLANG_WARN_RANGE_LOOP_ANALYSIS = YES;
				CLANG_WARN_STRICT_PROTOTYPES = YES;
				CLANG_WARN_SUSPICIOUS_MOVE = YES;
				CLANG_WARN_UNGUARDED_AVAILABILITY = YES_AGGRESSIVE;
				CLANG_WARN_UNREACHABLE_CODE = YES;
				CLANG_WARN__DUPLICATE_METHOD_MATCH = YES;
				COPY_PHASE_STRIP = NO;
				DEBUG_INFORMATION_FORMAT = "dwarf-with-dsym";
				ENABLE_NS_ASSERTIONS = NO;
				ENABLE_STRICT_OBJC_MSGSEND = YES;
				ENABLE_USER_SCRIPT_SANDBOXING = YES;
				GCC_C_LANGUAGE_STANDARD = gnu17;
				GCC_NO_COMMON_BLOCKS = YES;
				GCC_WARN_64_TO_32_BIT_CONVERSION = YES;
				GCC_WARN_ABOUT_RETURN_TYPE = YES_ERROR;
				GCC_WARN_UNDECLARED_SELECTOR = YES;
				GCC_WARN_UNINITIALIZED_AUTOS = YES_AGGRESSIVE;
				GCC_WARN_UNUSED_FUNCTION = YES;
				GCC_WARN_UNUSED_VARIABLE = YES;
				IPHONEOS_DEPLOYMENT_TARGET = 17.0;
				LOCALIZATION_PREFERS_STRING_CATALOGS = YES;
				MTL_ENABLE_DEBUG_INFO = NO;
				MTL_FAST_MATH = YES;
				SDKROOT = iphoneos;
				SWIFT_COMPILATION_MODE = wholemodule;
				VALIDATE_PRODUCT = YES;
			};
			name = Release;
		};
		B03731752B7205AB009C80AE /* Debug */ = {
			isa = XCBuildConfiguration;
			buildSettings = {
				ASSETCATALOG_COMPILER_APPICON_NAME = AppIcon;
				ASSETCATALOG_COMPILER_GLOBAL_ACCENT_COLOR_NAME = AccentColor;
				CODE_SIGN_STYLE = Automatic;
				CURRENT_PROJECT_VERSION = 1;
				DEVELOPMENT_ASSET_PATHS = "\"CatsVsDogsClips/Preview Content\"";
				DEVELOPMENT_TEAM = F439WT6D26;
				ENABLE_PREVIEWS = YES;
				GENERATE_INFOPLIST_FILE = YES;
				INFOPLIST_KEY_UIApplicationSceneManifest_Generation = YES;
				INFOPLIST_KEY_UIApplicationSupportsIndirectInputEvents = YES;
				INFOPLIST_KEY_UILaunchScreen_Generation = YES;
				INFOPLIST_KEY_UISupportedInterfaceOrientations_iPad = "UIInterfaceOrientationPortrait UIInterfaceOrientationPortraitUpsideDown UIInterfaceOrientationLandscapeLeft UIInterfaceOrientationLandscapeRight";
				INFOPLIST_KEY_UISupportedInterfaceOrientations_iPhone = "UIInterfaceOrientationPortrait UIInterfaceOrientationLandscapeLeft UIInterfaceOrientationLandscapeRight";
				LD_RUNPATH_SEARCH_PATHS = (
					"$(inherited)",
					"@executable_path/Frameworks",
				);
				MARKETING_VERSION = 1.0;
				PRODUCT_BUNDLE_IDENTIFIER = com.bfnibf.CatsVsDogsClips;
				PRODUCT_NAME = "$(TARGET_NAME)";
				SWIFT_EMIT_LOC_STRINGS = YES;
				SWIFT_VERSION = 5.0;
				TARGETED_DEVICE_FAMILY = "1,2";
			};
			name = Debug;
		};
		B03731762B7205AB009C80AE /* Release */ = {
			isa = XCBuildConfiguration;
			buildSettings = {
				ASSETCATALOG_COMPILER_APPICON_NAME = AppIcon;
				ASSETCATALOG_COMPILER_GLOBAL_ACCENT_COLOR_NAME = AccentColor;
				CODE_SIGN_STYLE = Automatic;
				CURRENT_PROJECT_VERSION = 1;
				DEVELOPMENT_ASSET_PATHS = "\"CatsVsDogsClips/Preview Content\"";
				DEVELOPMENT_TEAM = F439WT6D26;
				ENABLE_PREVIEWS = YES;
				GENERATE_INFOPLIST_FILE = YES;
				INFOPLIST_KEY_UIApplicationSceneManifest_Generation = YES;
				INFOPLIST_KEY_UIApplicationSupportsIndirectInputEvents = YES;
				INFOPLIST_KEY_UILaunchScreen_Generation = YES;
				INFOPLIST_KEY_UISupportedInterfaceOrientations_iPad = "UIInterfaceOrientationPortrait UIInterfaceOrientationPortraitUpsideDown UIInterfaceOrientationLandscapeLeft UIInterfaceOrientationLandscapeRight";
				INFOPLIST_KEY_UISupportedInterfaceOrientations_iPhone = "UIInterfaceOrientationPortrait UIInterfaceOrientationLandscapeLeft UIInterfaceOrientationLandscapeRight";
				LD_RUNPATH_SEARCH_PATHS = (
					"$(inherited)",
					"@executable_path/Frameworks",
				);
				MARKETING_VERSION = 1.0;
				PRODUCT_BUNDLE_IDENTIFIER = com.bfnibf.CatsVsDogsClips;
				PRODUCT_NAME = "$(TARGET_NAME)";
				SWIFT_EMIT_LOC_STRINGS = YES;
				SWIFT_VERSION = 5.0;
				TARGETED_DEVICE_FAMILY = "1,2";
			};
			name = Release;
		};
/* End XCBuildConfiguration section */

/* Begin XCConfigurationList section */
		B03731612B7205AA009C80AE /* Build configuration list for PBXProject "CatsVsDogsClips" */ = {
			isa = XCConfigurationList;
			buildConfigurations = (
				B03731722B7205AB009C80AE /* Debug */,
				B03731732B7205AB009C80AE /* Release */,
			);
			defaultConfigurationIsVisible = 0;
			defaultConfigurationName = Release;
		};
		B03731742B7205AB009C80AE /* Build configuration list for PBXNativeTarget "CatsVsDogsClips" */ = {
			isa = XCConfigurationList;
			buildConfigurations = (
				B03731752B7205AB009C80AE /* Debug */,
				B03731762B7205AB009C80AE /* Release */,
			);
			defaultConfigurationIsVisible = 0;
			defaultConfigurationName = Release;
		};
/* End XCConfigurationList section */
	};
	rootObject = B037315E2B7205AA009C80AE /* Project object */;
}
